
Microsoft Visual Studio Solution File, Format Version 12.00
# Visual Studio 2015
Project("{FAE04EC0-301F-11D3-BF4B-00C04F79EFBC}") = "simple.CSharp.Plugins", "simple.CSharp.Plugins.csproj", "{6E4EC901-D81D-337E-88E8-FF924CD1C480}"
EndProject
Project("{FAE04EC0-301F-11D3-BF4B-00C04F79EFBC}") = "simple.CSharp", "simple.CSharp.csproj", "{74DE64C4-92B8-9F72-99CC-436DB7972CCC}"
EndProject
Project("{FAE04EC0-301F-11D3-BF4B-00C04F79EFBC}") = "simple.CSharp.Editor", "simple.CSharp.Editor.csproj", "{3E8D42F4-57D6-DF7A-2D31-2A3E0C6F384F}"
EndProject
Global
	GlobalSection(SolutionConfigurationPlatforms) = preSolution
		Debug|Any CPU = Debug|Any CPU
		Release|Any CPU = Release|Any CPU
	EndGlobalSection
	GlobalSection(ProjectConfigurationPlatforms) = postSolution
		{6E4EC901-D81D-337E-88E8-FF924CD1C480}.Debug|Any CPU.ActiveCfg = Debug|Any CPU
		{6E4EC901-D81D-337E-88E8-FF924CD1C480}.Debug|Any CPU.Build.0 = Debug|Any CPU
		{6E4EC901-D81D-337E-88E8-FF924CD1C480}.Release|Any CPU.ActiveCfg = Release|Any CPU
		{6E4EC901-D81D-337E-88E8-FF924CD1C480}.Release|Any CPU.Build.0 = Release|Any CPU
		{74DE64C4-92B8-9F72-99CC-436DB7972CCC}.Debug|Any CPU.ActiveCfg = Debug|Any CPU
		{74DE64C4-92B8-9F72-99CC-436DB7972CCC}.Debug|Any CPU.Build.0 = Debug|Any CPU
		{74DE64C4-92B8-9F72-99CC-436DB7972CCC}.Release|Any CPU.ActiveCfg = Release|Any CPU
		{74DE64C4-92B8-9F72-99CC-436DB7972CCC}.Release|Any CPU.Build.0 = Release|Any CPU
		{3E8D42F4-57D6-DF7A-2D31-2A3E0C6F384F}.Debug|Any CPU.ActiveCfg = Debug|Any CPU
		{3E8D42F4-57D6-DF7A-2D31-2A3E0C6F384F}.Debug|Any CPU.Build.0 = Debug|Any CPU
		{3E8D42F4-57D6-DF7A-2D31-2A3E0C6F384F}.Release|Any CPU.ActiveCfg = Release|Any CPU
		{3E8D42F4-57D6-DF7A-2D31-2A3E0C6F384F}.Release|Any CPU.Build.0 = Release|Any CPU
	EndGlobalSection
	GlobalSection(SolutionProperties) = preSolution
		HideSolutionNode = FALSE
	EndGlobalSection
EndGlobal
